
Microsoft Visual Studio Solution File, Format Version 12.00
# Visual Studio Version 17
VisualStudioVersion = 17.6.33723.286
MinimumVisualStudioVersion = 10.0.40219.1
Project("{9A19103F-16F7-4668-BE54-9A1E7A4F7556}") = "UserManagementIdentity", "UserManagementIdentity\UserManagementIdentity.csproj", "{3176DD23-4D78-46BE-9CA0-A30440614324}"
EndProject
Project("{FAE04EC0-301F-11D3-BF4B-00C04F79EFBC}") = "UserManagementIdentity.Service", "UserManagementIdentity.Service\UserManagementIdentity.Service.csproj", "{DED7D0F7-45CE-4810-A028-16D53D9116DA}"
EndProject
Global
	GlobalSection(SolutionConfigurationPlatforms) = preSolution
		Debug|Any CPU = Debug|Any CPU
		Release|Any CPU = Release|Any CPU
	EndGlobalSection
	GlobalSection(ProjectConfigurationPlatforms) = postSolution
		{3176DD23-4D78-46BE-9CA0-A30440614324}.Debug|Any CPU.ActiveCfg = Debug|Any CPU
		{3176DD23-4D78-46BE-9CA0-A30440614324}.Debug|Any CPU.Build.0 = Debug|Any CPU
		{3176DD23-4D78-46BE-9CA0-A30440614324}.Release|Any CPU.ActiveCfg = Release|Any CPU
		{3176DD23-4D78-46BE-9CA0-A30440614324}.Release|Any CPU.Build.0 = Release|Any CPU
		{DED7D0F7-45CE-4810-A028-16D53D9116DA}.Debug|Any CPU.ActiveCfg = Debug|Any CPU
		{DED7D0F7-45CE-4810-A028-16D53D9116DA}.Debug|Any CPU.Build.0 = Debug|Any CPU
		{DED7D0F7-45CE-4810-A028-16D53D9116DA}.Release|Any CPU.ActiveCfg = Release|Any CPU
		{DED7D0F7-45CE-4810-A028-16D53D9116DA}.Release|Any CPU.Build.0 = Release|Any CPU
	EndGlobalSection
	GlobalSection(SolutionProperties) = preSolution
		HideSolutionNode = FALSE
	EndGlobalSection
	GlobalSection(ExtensibilityGlobals) = postSolution
		SolutionGuid = {54BDF2E6-C43D-40C7-82D0-6B1494BCDD62}
	EndGlobalSection
EndGlobal
